// !$*UTF8*$!
{
	archiveVersion = 1;
	classes = {
	};
	objectVersion = 52;
	objects = {

/* Begin PBXBuildFile section */
		13353AD625D2DD1D001A6B64 /* AppDelegate.swift in Sources */ = {isa = PBXBuildFile; fileRef = 13353AD525D2DD1D001A6B64 /* AppDelegate.swift */; };
		13353AD825D2DD1D001A6B64 /* SceneDelegate.swift in Sources */ = {isa = PBXBuildFile; fileRef = 13353AD725D2DD1D001A6B64 /* SceneDelegate.swift */; };
		13353ADD25D2DD1D001A6B64 /* Main.storyboard in Resources */ = {isa = PBXBuildFile; fileRef = 13353ADB25D2DD1D001A6B64 /* Main.storyboard */; };
		13353ADF25D2DD1F001A6B64 /* Assets.xcassets in Resources */ = {isa = PBXBuildFile; fileRef = 13353ADE25D2DD1F001A6B64 /* Assets.xcassets */; };
		13353AE225D2DD1F001A6B64 /* LaunchScreen.storyboard in Resources */ = {isa = PBXBuildFile; fileRef = 13353AE025D2DD1F001A6B64 /* LaunchScreen.storyboard */; };
		13353AF825D2DD1F001A6B64 /* FlickrImageDemoAppUITests.swift in Sources */ = {isa = PBXBuildFile; fileRef = 13353AF725D2DD1F001A6B64 /* FlickrImageDemoAppUITests.swift */; };
		88A0952325D2E11B0027D58F /* Constants.swift in Sources */ = {isa = PBXBuildFile; fileRef = 88A0951925D2E11B0027D58F /* Constants.swift */; };
		88A0952425D2E11B0027D58F /* LoadingView.swift in Sources */ = {isa = PBXBuildFile; fileRef = 88A0951A25D2E11B0027D58F /* LoadingView.swift */; };
		88A0952525D2E11B0027D58F /* UIView+Extensions.swift in Sources */ = {isa = PBXBuildFile; fileRef = 88A0951D25D2E11B0027D58F /* UIView+Extensions.swift */; };
		88A0952625D2E11B0027D58F /* UICollectionView+Extension.swift in Sources */ = {isa = PBXBuildFile; fileRef = 88A0951E25D2E11B0027D58F /* UICollectionView+Extension.swift */; };
		88A0952725D2E11B0027D58F /* Alertable.swift in Sources */ = {isa = PBXBuildFile; fileRef = 88A0952025D2E11B0027D58F /* Alertable.swift */; };
		88A0952825D2E11B0027D58F /* ReusableView.swift in Sources */ = {isa = PBXBuildFile; fileRef = 88A0952125D2E11B0027D58F /* ReusableView.swift */; };
		88A0952925D2E11B0027D58F /* Nibloadable.swift in Sources */ = {isa = PBXBuildFile; fileRef = 88A0952225D2E11B0027D58F /* Nibloadable.swift */; };
		88A0953D25D2E5540027D58F /* NetworkConnectionManager.swift in Sources */ = {isa = PBXBuildFile; fileRef = 88A0953425D2E5540027D58F /* NetworkConnectionManager.swift */; };
		88A0953E25D2E5540027D58F /* Result.swift in Sources */ = {isa = PBXBuildFile; fileRef = 88A0953525D2E5540027D58F /* Result.swift */; };
		88A0953F25D2E5540027D58F /* NetworkManager.swift in Sources */ = {isa = PBXBuildFile; fileRef = 88A0953625D2E5540027D58F /* NetworkManager.swift */; };
		88A0954025D2E5540027D58F /* Router.swift in Sources */ = {isa = PBXBuildFile; fileRef = 88A0953725D2E5540027D58F /* Router.swift */; };
		88A0954125D2E5540027D58F /* HTTPRouter.swift in Sources */ = {isa = PBXBuildFile; fileRef = 88A0953825D2E5540027D58F /* HTTPRouter.swift */; };
		88A0954225D2E5540027D58F /* LoacalizedError.swift in Sources */ = {isa = PBXBuildFile; fileRef = 88A0953A25D2E5540027D58F /* LoacalizedError.swift */; };
		88A0954325D2E5540027D58F /* AppError.swift in Sources */ = {isa = PBXBuildFile; fileRef = 88A0953B25D2E5540027D58F /* AppError.swift */; };
		88A0954425D2E5540027D58F /* NetworkError.swift in Sources */ = {isa = PBXBuildFile; fileRef = 88A0953C25D2E5540027D58F /* NetworkError.swift */; };
		88A0954D25D2FEF80027D58F /* HomeViewController.swift in Sources */ = {isa = PBXBuildFile; fileRef = 88A0954C25D2FEF80027D58F /* HomeViewController.swift */; };
		88A7525125D5014500A814A3 /* SDWebImage in Frameworks */ = {isa = PBXBuildFile; productRef = 88A7525025D5014500A814A3 /* SDWebImage */; };
		88A7528725D517FC00A814A3 /* NetworkConnectionTest.swift in Sources */ = {isa = PBXBuildFile; fileRef = 88A7528625D517FC00A814A3 /* NetworkConnectionTest.swift */; };
		88A752A125D5191A00A814A3 /* NetworkManagerTest.swift in Sources */ = {isa = PBXBuildFile; fileRef = 88A752A025D5191A00A814A3 /* NetworkManagerTest.swift */; };
		88A752A925D51F3400A814A3 /* HomeViewTests.swift in Sources */ = {isa = PBXBuildFile; fileRef = 88A752A825D51F3400A814A3 /* HomeViewTests.swift */; };
		88F1F9F325D3B00A00628C48 /* Alamofire in Frameworks */ = {isa = PBXBuildFile; productRef = 88F1F9F225D3B00A00628C48 /* Alamofire */; };
		88F1FA0225D3B4C400628C48 /* HomePresenter.swift in Sources */ = {isa = PBXBuildFile; fileRef = 88F1FA0125D3B4C400628C48 /* HomePresenter.swift */; };
		88F1FA0A25D3B9CB00628C48 /* EndPoints.swift in Sources */ = {isa = PBXBuildFile; fileRef = 88F1FA0925D3B9CB00628C48 /* EndPoints.swift */; };
		88F1FA1825D3C85500628C48 /* Photo.swift in Sources */ = {isa = PBXBuildFile; fileRef = 88F1FA1725D3C85500628C48 /* Photo.swift */; };
		88F1FA2025D3C87800628C48 /* PhotosDetail.swift in Sources */ = {isa = PBXBuildFile; fileRef = 88F1FA1F25D3C87800628C48 /* PhotosDetail.swift */; };
		88F1FA3925D40E9100628C48 /* HomeCollViewCell.swift in Sources */ = {isa = PBXBuildFile; fileRef = 88F1FA3825D40E9100628C48 /* HomeCollViewCell.swift */; };
		88F1FA3E25D40EA500628C48 /* HomeCollViewCell.xib in Resources */ = {isa = PBXBuildFile; fileRef = 88F1FA3D25D40EA500628C48 /* HomeCollViewCell.xib */; };
		88F1FA6225D4319300628C48 /* UIImageView+SDWebImage.swift in Sources */ = {isa = PBXBuildFile; fileRef = 88F1FA6125D4319300628C48 /* UIImageView+SDWebImage.swift */; };
/* End PBXBuildFile section */

/* Begin PBXContainerItemProxy section */
		13353AE925D2DD1F001A6B64 /* PBXContainerItemProxy */ = {
			isa = PBXContainerItemProxy;
			containerPortal = 13353ACA25D2DD1D001A6B64 /* Project object */;
			proxyType = 1;
			remoteGlobalIDString = 13353AD125D2DD1D001A6B64;
			remoteInfo = FlickrImageDemoApp;
		};
		13353AF425D2DD1F001A6B64 /* PBXContainerItemProxy */ = {
			isa = PBXContainerItemProxy;
			containerPortal = 13353ACA25D2DD1D001A6B64 /* Project object */;
			proxyType = 1;
			remoteGlobalIDString = 13353AD125D2DD1D001A6B64;
			remoteInfo = FlickrImageDemoApp;
		};
/* End PBXContainerItemProxy section */

/* Begin PBXFileReference section */
		13353AD225D2DD1D001A6B64 /* FlickrImageDemoApp.app */ = {isa = PBXFileReference; explicitFileType = wrapper.application; includeInIndex = 0; path = FlickrImageDemoApp.app; sourceTree = BUILT_PRODUCTS_DIR; };
		13353AD525D2DD1D001A6B64 /* AppDelegate.swift */ = {isa = PBXFileReference; lastKnownFileType = sourcecode.swift; path = AppDelegate.swift; sourceTree = "<group>"; };
		13353AD725D2DD1D001A6B64 /* SceneDelegate.swift */ = {isa = PBXFileReference; lastKnownFileType = sourcecode.swift; path = SceneDelegate.swift; sourceTree = "<group>"; };
		13353ADC25D2DD1D001A6B64 /* Base */ = {isa = PBXFileReference; lastKnownFileType = file.storyboard; name = Base; path = Base.lproj/Main.storyboard; sourceTree = "<group>"; };
		13353ADE25D2DD1F001A6B64 /* Assets.xcassets */ = {isa = PBXFileReference; lastKnownFileType = folder.assetcatalog; path = Assets.xcassets; sourceTree = "<group>"; };
		13353AE125D2DD1F001A6B64 /* Base */ = {isa = PBXFileReference; lastKnownFileType = file.storyboard; name = Base; path = Base.lproj/LaunchScreen.storyboard; sourceTree = "<group>"; };
		13353AE325D2DD1F001A6B64 /* Info.plist */ = {isa = PBXFileReference; lastKnownFileType = text.plist.xml; path = Info.plist; sourceTree = "<group>"; };
		13353AE825D2DD1F001A6B64 /* FlickrImageDemoAppTests.xctest */ = {isa = PBXFileReference; explicitFileType = wrapper.cfbundle; includeInIndex = 0; path = FlickrImageDemoAppTests.xctest; sourceTree = BUILT_PRODUCTS_DIR; };
		13353AEE25D2DD1F001A6B64 /* Info.plist */ = {isa = PBXFileReference; lastKnownFileType = text.plist.xml; path = Info.plist; sourceTree = "<group>"; };
		13353AF325D2DD1F001A6B64 /* FlickrImageDemoAppUITests.xctest */ = {isa = PBXFileReference; explicitFileType = wrapper.cfbundle; includeInIndex = 0; path = FlickrImageDemoAppUITests.xctest; sourceTree = BUILT_PRODUCTS_DIR; };
		13353AF725D2DD1F001A6B64 /* FlickrImageDemoAppUITests.swift */ = {isa = PBXFileReference; lastKnownFileType = sourcecode.swift; path = FlickrImageDemoAppUITests.swift; sourceTree = "<group>"; };
		13353AF925D2DD1F001A6B64 /* Info.plist */ = {isa = PBXFileReference; lastKnownFileType = text.plist.xml; path = Info.plist; sourceTree = "<group>"; };
		88A0951925D2E11B0027D58F /* Constants.swift */ = {isa = PBXFileReference; fileEncoding = 4; lastKnownFileType = sourcecode.swift; path = Constants.swift; sourceTree = "<group>"; };
		88A0951A25D2E11B0027D58F /* LoadingView.swift */ = {isa = PBXFileReference; fileEncoding = 4; lastKnownFileType = sourcecode.swift; path = LoadingView.swift; sourceTree = "<group>"; };
		88A0951D25D2E11B0027D58F /* UIView+Extensions.swift */ = {isa = PBXFileReference; fileEncoding = 4; lastKnownFileType = sourcecode.swift; path = "UIView+Extensions.swift"; sourceTree = "<group>"; };
		88A0951E25D2E11B0027D58F /* UICollectionView+Extension.swift */ = {isa = PBXFileReference; fileEncoding = 4; lastKnownFileType = sourcecode.swift; path = "UICollectionView+Extension.swift"; sourceTree = "<group>"; };
		88A0952025D2E11B0027D58F /* Alertable.swift */ = {isa = PBXFileReference; fileEncoding = 4; lastKnownFileType = sourcecode.swift; path = Alertable.swift; sourceTree = "<group>"; };
		88A0952125D2E11B0027D58F /* ReusableView.swift */ = {isa = PBXFileReference; fileEncoding = 4; lastKnownFileType = sourcecode.swift; path = ReusableView.swift; sourceTree = "<group>"; };
		88A0952225D2E11B0027D58F /* Nibloadable.swift */ = {isa = PBXFileReference; fileEncoding = 4; lastKnownFileType = sourcecode.swift; path = Nibloadable.swift; sourceTree = "<group>"; };
		88A0953425D2E5540027D58F /* NetworkConnectionManager.swift */ = {isa = PBXFileReference; fileEncoding = 4; lastKnownFileType = sourcecode.swift; path = NetworkConnectionManager.swift; sourceTree = "<group>"; };
		88A0953525D2E5540027D58F /* Result.swift */ = {isa = PBXFileReference; fileEncoding = 4; lastKnownFileType = sourcecode.swift; path = Result.swift; sourceTree = "<group>"; };
		88A0953625D2E5540027D58F /* NetworkManager.swift */ = {isa = PBXFileReference; fileEncoding = 4; lastKnownFileType = sourcecode.swift; path = NetworkManager.swift; sourceTree = "<group>"; };
		88A0953725D2E5540027D58F /* Router.swift */ = {isa = PBXFileReference; fileEncoding = 4; lastKnownFileType = sourcecode.swift; path = Router.swift; sourceTree = "<group>"; };
		88A0953825D2E5540027D58F /* HTTPRouter.swift */ = {isa = PBXFileReference; fileEncoding = 4; lastKnownFileType = sourcecode.swift; path = HTTPRouter.swift; sourceTree = "<group>"; };
		88A0953A25D2E5540027D58F /* LoacalizedError.swift */ = {isa = PBXFileReference; fileEncoding = 4; lastKnownFileType = sourcecode.swift; path = LoacalizedError.swift; sourceTree = "<group>"; };
		88A0953B25D2E5540027D58F /* AppError.swift */ = {isa = PBXFileReference; fileEncoding = 4; lastKnownFileType = sourcecode.swift; path = AppError.swift; sourceTree = "<group>"; };
		88A0953C25D2E5540027D58F /* NetworkError.swift */ = {isa = PBXFileReference; fileEncoding = 4; lastKnownFileType = sourcecode.swift; path = NetworkError.swift; sourceTree = "<group>"; };
		88A0954C25D2FEF80027D58F /* HomeViewController.swift */ = {isa = PBXFileReference; fileEncoding = 4; lastKnownFileType = sourcecode.swift; path = HomeViewController.swift; sourceTree = "<group>"; };
		88A7528625D517FC00A814A3 /* NetworkConnectionTest.swift */ = {isa = PBXFileReference; lastKnownFileType = sourcecode.swift; path = NetworkConnectionTest.swift; sourceTree = "<group>"; };
		88A752A025D5191A00A814A3 /* NetworkManagerTest.swift */ = {isa = PBXFileReference; lastKnownFileType = sourcecode.swift; path = NetworkManagerTest.swift; sourceTree = "<group>"; };
		88A752A825D51F3400A814A3 /* HomeViewTests.swift */ = {isa = PBXFileReference; lastKnownFileType = sourcecode.swift; path = HomeViewTests.swift; sourceTree = "<group>"; };
		88F1FA0125D3B4C400628C48 /* HomePresenter.swift */ = {isa = PBXFileReference; lastKnownFileType = sourcecode.swift; path = HomePresenter.swift; sourceTree = "<group>"; };
		88F1FA0925D3B9CB00628C48 /* EndPoints.swift */ = {isa = PBXFileReference; lastKnownFileType = sourcecode.swift; path = EndPoints.swift; sourceTree = "<group>"; };
		88F1FA1725D3C85500628C48 /* Photo.swift */ = {isa = PBXFileReference; lastKnownFileType = sourcecode.swift; path = Photo.swift; sourceTree = "<group>"; };
		88F1FA1F25D3C87800628C48 /* PhotosDetail.swift */ = {isa = PBXFileReference; lastKnownFileType = sourcecode.swift; path = PhotosDetail.swift; sourceTree = "<group>"; };
		88F1FA3825D40E9100628C48 /* HomeCollViewCell.swift */ = {isa = PBXFileReference; lastKnownFileType = sourcecode.swift; path = HomeCollViewCell.swift; sourceTree = "<group>"; };
		88F1FA3D25D40EA500628C48 /* HomeCollViewCell.xib */ = {isa = PBXFileReference; lastKnownFileType = file.xib; path = HomeCollViewCell.xib; sourceTree = "<group>"; };
		88F1FA6125D4319300628C48 /* UIImageView+SDWebImage.swift */ = {isa = PBXFileReference; lastKnownFileType = sourcecode.swift; path = "UIImageView+SDWebImage.swift"; sourceTree = "<group>"; };
/* End PBXFileReference section */

/* Begin PBXFrameworksBuildPhase section */
		13353ACF25D2DD1D001A6B64 /* Frameworks */ = {
			isa = PBXFrameworksBuildPhase;
			buildActionMask = 2147483647;
			files = (
				88A7525125D5014500A814A3 /* SDWebImage in Frameworks */,
				88F1F9F325D3B00A00628C48 /* Alamofire in Frameworks */,
			);
			runOnlyForDeploymentPostprocessing = 0;
		};
		13353AE525D2DD1F001A6B64 /* Frameworks */ = {
			isa = PBXFrameworksBuildPhase;
			buildActionMask = 2147483647;
			files = (
			);
			runOnlyForDeploymentPostprocessing = 0;
		};
		13353AF025D2DD1F001A6B64 /* Frameworks */ = {
			isa = PBXFrameworksBuildPhase;
			buildActionMask = 2147483647;
			files = (
			);
			runOnlyForDeploymentPostprocessing = 0;
		};
/* End PBXFrameworksBuildPhase section */

/* Begin PBXGroup section */
		13353AC925D2DD1D001A6B64 = {
			isa = PBXGroup;
			children = (
				13353AD425D2DD1D001A6B64 /* FlickrImageDemoApp */,
				13353AEB25D2DD1F001A6B64 /* FlickrImageDemoAppTests */,
				13353AF625D2DD1F001A6B64 /* FlickrImageDemoAppUITests */,
				13353AD325D2DD1D001A6B64 /* Products */,
			);
			sourceTree = "<group>";
		};
		13353AD325D2DD1D001A6B64 /* Products */ = {
			isa = PBXGroup;
			children = (
				13353AD225D2DD1D001A6B64 /* FlickrImageDemoApp.app */,
				13353AE825D2DD1F001A6B64 /* FlickrImageDemoAppTests.xctest */,
				13353AF325D2DD1F001A6B64 /* FlickrImageDemoAppUITests.xctest */,
			);
			name = Products;
			sourceTree = "<group>";
		};
		13353AD425D2DD1D001A6B64 /* FlickrImageDemoApp */ = {
			isa = PBXGroup;
			children = (
				88A0950C25D2E0DB0027D58F /* Application */,
				88A0951825D2E11B0027D58F /* Common */,
				88A0951B25D2E11B0027D58F /* Utilities */,
				88F1FA1625D3C84400628C48 /* Domain */,
				88A0953225D2E5530027D58F /* Services */,
				88A0953025D2E1650027D58F /* StoryBoards */,
				88A0954825D2FEF80027D58F /* Feature */,
				88A0953125D2E1730027D58F /* Resources */,
				13353AE325D2DD1F001A6B64 /* Info.plist */,
			);
			path = FlickrImageDemoApp;
			sourceTree = "<group>";
		};
		13353AEB25D2DD1F001A6B64 /* FlickrImageDemoAppTests */ = {
			isa = PBXGroup;
			children = (
				88A7528625D517FC00A814A3 /* NetworkConnectionTest.swift */,
				88A752A025D5191A00A814A3 /* NetworkManagerTest.swift */,
				88A752A825D51F3400A814A3 /* HomeViewTests.swift */,
				13353AEE25D2DD1F001A6B64 /* Info.plist */,
			);
			path = FlickrImageDemoAppTests;
			sourceTree = "<group>";
		};
		13353AF625D2DD1F001A6B64 /* FlickrImageDemoAppUITests */ = {
			isa = PBXGroup;
			children = (
				13353AF725D2DD1F001A6B64 /* FlickrImageDemoAppUITests.swift */,
				13353AF925D2DD1F001A6B64 /* Info.plist */,
			);
			path = FlickrImageDemoAppUITests;
			sourceTree = "<group>";
		};
		88A0950C25D2E0DB0027D58F /* Application */ = {
			isa = PBXGroup;
			children = (
				13353AD525D2DD1D001A6B64 /* AppDelegate.swift */,
				13353AD725D2DD1D001A6B64 /* SceneDelegate.swift */,
			);
			path = Application;
			sourceTree = "<group>";
		};
		88A0951825D2E11B0027D58F /* Common */ = {
			isa = PBXGroup;
			children = (
				88A0951925D2E11B0027D58F /* Constants.swift */,
				88A0951A25D2E11B0027D58F /* LoadingView.swift */,
				88F1FA0925D3B9CB00628C48 /* EndPoints.swift */,
			);
			path = Common;
			sourceTree = "<group>";
		};
		88A0951B25D2E11B0027D58F /* Utilities */ = {
			isa = PBXGroup;
			children = (
				88A0951C25D2E11B0027D58F /* Extensions */,
				88A0951F25D2E11B0027D58F /* Protocols */,
			);
			path = Utilities;
			sourceTree = "<group>";
		};
		88A0951C25D2E11B0027D58F /* Extensions */ = {
			isa = PBXGroup;
			children = (
				88A0951D25D2E11B0027D58F /* UIView+Extensions.swift */,
				88A0951E25D2E11B0027D58F /* UICollectionView+Extension.swift */,
				88F1FA6125D4319300628C48 /* UIImageView+SDWebImage.swift */,
			);
			path = Extensions;
			sourceTree = "<group>";
		};
		88A0951F25D2E11B0027D58F /* Protocols */ = {
			isa = PBXGroup;
			children = (
				88A0952025D2E11B0027D58F /* Alertable.swift */,
				88A0952125D2E11B0027D58F /* ReusableView.swift */,
				88A0952225D2E11B0027D58F /* Nibloadable.swift */,
			);
			path = Protocols;
			sourceTree = "<group>";
		};
		88A0953025D2E1650027D58F /* StoryBoards */ = {
			isa = PBXGroup;
			children = (
				13353ADB25D2DD1D001A6B64 /* Main.storyboard */,
				13353AE025D2DD1F001A6B64 /* LaunchScreen.storyboard */,
			);
			path = StoryBoards;
			sourceTree = "<group>";
		};
		88A0953125D2E1730027D58F /* Resources */ = {
			isa = PBXGroup;
			children = (
				13353ADE25D2DD1F001A6B64 /* Assets.xcassets */,
			);
			path = Resources;
			sourceTree = "<group>";
		};
		88A0953225D2E5530027D58F /* Services */ = {
			isa = PBXGroup;
			children = (
				88A0953325D2E5540027D58F /* Network */,
				88A0953925D2E5540027D58F /* Errors */,
			);
			path = Services;
			sourceTree = "<group>";
		};
		88A0953325D2E5540027D58F /* Network */ = {
			isa = PBXGroup;
			children = (
				88A0953425D2E5540027D58F /* NetworkConnectionManager.swift */,
				88A0953525D2E5540027D58F /* Result.swift */,
				88A0953625D2E5540027D58F /* NetworkManager.swift */,
				88A0953725D2E5540027D58F /* Router.swift */,
				88A0953825D2E5540027D58F /* HTTPRouter.swift */,
			);
			path = Network;
			sourceTree = "<group>";
		};
		88A0953925D2E5540027D58F /* Errors */ = {
			isa = PBXGroup;
			children = (
				88A0953A25D2E5540027D58F /* LoacalizedError.swift */,
				88A0953B25D2E5540027D58F /* AppError.swift */,
				88A0953C25D2E5540027D58F /* NetworkError.swift */,
			);
			path = Errors;
			sourceTree = "<group>";
		};
		88A0954825D2FEF80027D58F /* Feature */ = {
			isa = PBXGroup;
			children = (
				88A0954925D2FEF80027D58F /* Home */,
				88A0954C25D2FEF80027D58F /* HomeViewController.swift */,
			);
			path = Feature;
			sourceTree = "<group>";
		};
		88A0954925D2FEF80027D58F /* Home */ = {
			isa = PBXGroup;
			children = (
				88A0954A25D2FEF80027D58F /* Presenter */,
				88A0954B25D2FEF80027D58F /* View */,
			);
			path = Home;
			sourceTree = "<group>";
		};
		88A0954A25D2FEF80027D58F /* Presenter */ = {
			isa = PBXGroup;
			children = (
				88F1FA0125D3B4C400628C48 /* HomePresenter.swift */,
			);
			path = Presenter;
			sourceTree = "<group>";
		};
		88A0954B25D2FEF80027D58F /* View */ = {
			isa = PBXGroup;
			children = (
				88F1FA3825D40E9100628C48 /* HomeCollViewCell.swift */,
				88F1FA3D25D40EA500628C48 /* HomeCollViewCell.xib */,
			);
			path = View;
			sourceTree = "<group>";
		};
		88F1FA1625D3C84400628C48 /* Domain */ = {
			isa = PBXGroup;
			children = (
				88F1FA1725D3C85500628C48 /* Photo.swift */,
				88F1FA1F25D3C87800628C48 /* PhotosDetail.swift */,
			);
			path = Domain;
			sourceTree = "<group>";
		};
/* End PBXGroup section */

/* Begin PBXNativeTarget section */
		13353AD125D2DD1D001A6B64 /* FlickrImageDemoApp */ = {
			isa = PBXNativeTarget;
			buildConfigurationList = 13353AFC25D2DD1F001A6B64 /* Build configuration list for PBXNativeTarget "FlickrImageDemoApp" */;
			buildPhases = (
				13353ACE25D2DD1D001A6B64 /* Sources */,
				13353ACF25D2DD1D001A6B64 /* Frameworks */,
				13353AD025D2DD1D001A6B64 /* Resources */,
			);
			buildRules = (
			);
			dependencies = (
			);
			name = FlickrImageDemoApp;
			packageProductDependencies = (
				88F1F9F225D3B00A00628C48 /* Alamofire */,
				88A7525025D5014500A814A3 /* SDWebImage */,
			);
			productName = FlickrImageDemoApp;
			productReference = 13353AD225D2DD1D001A6B64 /* FlickrImageDemoApp.app */;
			productType = "com.apple.product-type.application";
		};
		13353AE725D2DD1F001A6B64 /* FlickrImageDemoAppTests */ = {
			isa = PBXNativeTarget;
			buildConfigurationList = 13353AFF25D2DD1F001A6B64 /* Build configuration list for PBXNativeTarget "FlickrImageDemoAppTests" */;
			buildPhases = (
				13353AE425D2DD1F001A6B64 /* Sources */,
				13353AE525D2DD1F001A6B64 /* Frameworks */,
				13353AE625D2DD1F001A6B64 /* Resources */,
			);
			buildRules = (
			);
			dependencies = (
				13353AEA25D2DD1F001A6B64 /* PBXTargetDependency */,
			);
			name = FlickrImageDemoAppTests;
			productName = FlickrImageDemoAppTests;
			productReference = 13353AE825D2DD1F001A6B64 /* FlickrImageDemoAppTests.xctest */;
			productType = "com.apple.product-type.bundle.unit-test";
		};
		13353AF225D2DD1F001A6B64 /* FlickrImageDemoAppUITests */ = {
			isa = PBXNativeTarget;
			buildConfigurationList = 13353B0225D2DD1F001A6B64 /* Build configuration list for PBXNativeTarget "FlickrImageDemoAppUITests" */;
			buildPhases = (
				13353AEF25D2DD1F001A6B64 /* Sources */,
				13353AF025D2DD1F001A6B64 /* Frameworks */,
				13353AF125D2DD1F001A6B64 /* Resources */,
			);
			buildRules = (
			);
			dependencies = (
				13353AF525D2DD1F001A6B64 /* PBXTargetDependency */,
			);
			name = FlickrImageDemoAppUITests;
			productName = FlickrImageDemoAppUITests;
			productReference = 13353AF325D2DD1F001A6B64 /* FlickrImageDemoAppUITests.xctest */;
			productType = "com.apple.product-type.bundle.ui-testing";
		};
/* End PBXNativeTarget section */

/* Begin PBXProject section */
		13353ACA25D2DD1D001A6B64 /* Project object */ = {
			isa = PBXProject;
			attributes = {
				LastSwiftUpdateCheck = 1220;
				LastUpgradeCheck = 1220;
				TargetAttributes = {
					13353AD125D2DD1D001A6B64 = {
						CreatedOnToolsVersion = 12.2;
					};
					13353AE725D2DD1F001A6B64 = {
						CreatedOnToolsVersion = 12.2;
						TestTargetID = 13353AD125D2DD1D001A6B64;
					};
					13353AF225D2DD1F001A6B64 = {
						CreatedOnToolsVersion = 12.2;
						TestTargetID = 13353AD125D2DD1D001A6B64;
					};
				};
			};
			buildConfigurationList = 13353ACD25D2DD1D001A6B64 /* Build configuration list for PBXProject "FlickrImageDemoApp" */;
			compatibilityVersion = "Xcode 9.3";
			developmentRegion = en;
			hasScannedForEncodings = 0;
			knownRegions = (
				en,
				Base,
			);
			mainGroup = 13353AC925D2DD1D001A6B64;
			packageReferences = (
				88F1F9F125D3B00A00628C48 /* XCRemoteSwiftPackageReference "Alamofire" */,
				88A7524F25D5014500A814A3 /* XCRemoteSwiftPackageReference "SDWebImage" */,
			);
			productRefGroup = 13353AD325D2DD1D001A6B64 /* Products */;
			projectDirPath = "";
			projectRoot = "";
			targets = (
				13353AD125D2DD1D001A6B64 /* FlickrImageDemoApp */,
				13353AE725D2DD1F001A6B64 /* FlickrImageDemoAppTests */,
				13353AF225D2DD1F001A6B64 /* FlickrImageDemoAppUITests */,
			);
		};
/* End PBXProject section */

/* Begin PBXResourcesBuildPhase section */
		13353AD025D2DD1D001A6B64 /* Resources */ = {
			isa = PBXResourcesBuildPhase;
			buildActionMask = 2147483647;
			files = (
				13353AE225D2DD1F001A6B64 /* LaunchScreen.storyboard in Resources */,
				88F1FA3E25D40EA500628C48 /* HomeCollViewCell.xib in Resources */,
				13353ADF25D2DD1F001A6B64 /* Assets.xcassets in Resources */,
				13353ADD25D2DD1D001A6B64 /* Main.storyboard in Resources */,
			);
			runOnlyForDeploymentPostprocessing = 0;
		};
		13353AE625D2DD1F001A6B64 /* Resources */ = {
			isa = PBXResourcesBuildPhase;
			buildActionMask = 2147483647;
			files = (
			);
			runOnlyForDeploymentPostprocessing = 0;
		};
		13353AF125D2DD1F001A6B64 /* Resources */ = {
			isa = PBXResourcesBuildPhase;
			buildActionMask = 2147483647;
			files = (
			);
			runOnlyForDeploymentPostprocessing = 0;
		};
/* End PBXResourcesBuildPhase section */

/* Begin PBXSourcesBuildPhase section */
		13353ACE25D2DD1D001A6B64 /* Sources */ = {
			isa = PBXSourcesBuildPhase;
			buildActionMask = 2147483647;
			files = (
				88F1FA2025D3C87800628C48 /* PhotosDetail.swift in Sources */,
				88A0954425D2E5540027D58F /* NetworkError.swift in Sources */,
				88A0953F25D2E5540027D58F /* NetworkManager.swift in Sources */,
				88A0952625D2E11B0027D58F /* UICollectionView+Extension.swift in Sources */,
				88F1FA0225D3B4C400628C48 /* HomePresenter.swift in Sources */,
				88A0952725D2E11B0027D58F /* Alertable.swift in Sources */,
				88A0953D25D2E5540027D58F /* NetworkConnectionManager.swift in Sources */,
				88A0954D25D2FEF80027D58F /* HomeViewController.swift in Sources */,
				88A0954325D2E5540027D58F /* AppError.swift in Sources */,
				13353AD625D2DD1D001A6B64 /* AppDelegate.swift in Sources */,
				88F1FA0A25D3B9CB00628C48 /* EndPoints.swift in Sources */,
				88A0952825D2E11B0027D58F /* ReusableView.swift in Sources */,
				88A0952925D2E11B0027D58F /* Nibloadable.swift in Sources */,
				88A0952425D2E11B0027D58F /* LoadingView.swift in Sources */,
				88F1FA6225D4319300628C48 /* UIImageView+SDWebImage.swift in Sources */,
				88A0952525D2E11B0027D58F /* UIView+Extensions.swift in Sources */,
				88A0954225D2E5540027D58F /* LoacalizedError.swift in Sources */,
				88F1FA1825D3C85500628C48 /* Photo.swift in Sources */,
				13353AD825D2DD1D001A6B64 /* SceneDelegate.swift in Sources */,
				88A0954125D2E5540027D58F /* HTTPRouter.swift in Sources */,
				88A0952325D2E11B0027D58F /* Constants.swift in Sources */,
				88A0953E25D2E5540027D58F /* Result.swift in Sources */,
				88A0954025D2E5540027D58F /* Router.swift in Sources */,
				88F1FA3925D40E9100628C48 /* HomeCollViewCell.swift in Sources */,
			);
			runOnlyForDeploymentPostprocessing = 0;
		};
		13353AE425D2DD1F001A6B64 /* Sources */ = {
			isa = PBXSourcesBuildPhase;
			buildActionMask = 2147483647;
			files = (
				88A752A925D51F3400A814A3 /* HomeViewTests.swift in Sources */,
				88A752A125D5191A00A814A3 /* NetworkManagerTest.swift in Sources */,
				88A7528725D517FC00A814A3 /* NetworkConnectionTest.swift in Sources */,
			);
			runOnlyForDeploymentPostprocessing = 0;
		};
		13353AEF25D2DD1F001A6B64 /* Sources */ = {
			isa = PBXSourcesBuildPhase;
			buildActionMask = 2147483647;
			files = (
				13353AF825D2DD1F001A6B64 /* FlickrImageDemoAppUITests.swift in Sources */,
			);
			runOnlyForDeploymentPostprocessing = 0;
		};
/* End PBXSourcesBuildPhase section */

/* Begin PBXTargetDependency section */
		13353AEA25D2DD1F001A6B64 /* PBXTargetDependency */ = {
			isa = PBXTargetDependency;
			target = 13353AD125D2DD1D001A6B64 /* FlickrImageDemoApp */;
			targetProxy = 13353AE925D2DD1F001A6B64 /* PBXContainerItemProxy */;
		};
		13353AF525D2DD1F001A6B64 /* PBXTargetDependency */ = {
			isa = PBXTargetDependency;
			target = 13353AD125D2DD1D001A6B64 /* FlickrImageDemoApp */;
			targetProxy = 13353AF425D2DD1F001A6B64 /* PBXContainerItemProxy */;
		};
/* End PBXTargetDependency section */

/* Begin PBXVariantGroup section */
		13353ADB25D2DD1D001A6B64 /* Main.storyboard */ = {
			isa = PBXVariantGroup;
			children = (
				13353ADC25D2DD1D001A6B64 /* Base */,
			);
			name = Main.storyboard;
			sourceTree = "<group>";
		};
		13353AE025D2DD1F001A6B64 /* LaunchScreen.storyboard */ = {
			isa = PBXVariantGroup;
			children = (
				13353AE125D2DD1F001A6B64 /* Base */,
			);
			name = LaunchScreen.storyboard;
			sourceTree = "<group>";
		};
/* End PBXVariantGroup section */

/* Begin XCBuildConfiguration section */
		13353AFA25D2DD1F001A6B64 /* Debug */ = {
			isa = XCBuildConfiguration;
			buildSettings = {
				ALWAYS_SEARCH_USER_PATHS = NO;
				CLANG_ANALYZER_NONNULL = YES;
				CLANG_ANALYZER_NUMBER_OBJECT_CONVERSION = YES_AGGRESSIVE;
				CLANG_CXX_LANGUAGE_STANDARD = "gnu++14";
				CLANG_CXX_LIBRARY = "libc++";
				CLANG_ENABLE_MODULES = YES;
				CLANG_ENABLE_OBJC_ARC = YES;
				CLANG_ENABLE_OBJC_WEAK = YES;
				CLANG_WARN_BLOCK_CAPTURE_AUTORELEASING = YES;
				CLANG_WARN_BOOL_CONVERSION = YES;
				CLANG_WARN_COMMA = YES;
				CLANG_WARN_CONSTANT_CONVERSION = YES;
				CLANG_WARN_DEPRECATED_OBJC_IMPLEMENTATIONS = YES;
				CLANG_WARN_DIRECT_OBJC_ISA_USAGE = YES_ERROR;
				CLANG_WARN_DOCUMENTATION_COMMENTS = YES;
				CLANG_WARN_EMPTY_BODY = YES;
				CLANG_WARN_ENUM_CONVERSION = YES;
				CLANG_WARN_INFINITE_RECURSION = YES;
				CLANG_WARN_INT_CONVERSION = YES;
				CLANG_WARN_NON_LITERAL_NULL_CONVERSION = YES;
				CLANG_WARN_OBJC_IMPLICIT_RETAIN_SELF = YES;
				CLANG_WARN_OBJC_LITERAL_CONVERSION = YES;
				CLANG_WARN_OBJC_ROOT_CLASS = YES_ERROR;
				CLANG_WARN_QUOTED_INCLUDE_IN_FRAMEWORK_HEADER = YES;
				CLANG_WARN_RANGE_LOOP_ANALYSIS = YES;
				CLANG_WARN_STRICT_PROTOTYPES = YES;
				CLANG_WARN_SUSPICIOUS_MOVE = YES;
				CLANG_WARN_UNGUARDED_AVAILABILITY = YES_AGGRESSIVE;
				CLANG_WARN_UNREACHABLE_CODE = YES;
				CLANG_WARN__DUPLICATE_METHOD_MATCH = YES;
				COPY_PHASE_STRIP = NO;
				DEBUG_INFORMATION_FORMAT = dwarf;
				ENABLE_STRICT_OBJC_MSGSEND = YES;
				ENABLE_TESTABILITY = YES;
				GCC_C_LANGUAGE_STANDARD = gnu11;
				GCC_DYNAMIC_NO_PIC = NO;
				GCC_NO_COMMON_BLOCKS = YES;
				GCC_OPTIMIZATION_LEVEL = 0;
				GCC_PREPROCESSOR_DEFINITIONS = (
					"DEBUG=1",
					"$(inherited)",
				);
				GCC_WARN_64_TO_32_BIT_CONVERSION = YES;
				GCC_WARN_ABOUT_RETURN_TYPE = YES_ERROR;
				GCC_WARN_UNDECLARED_SELECTOR = YES;
				GCC_WARN_UNINITIALIZED_AUTOS = YES_AGGRESSIVE;
				GCC_WARN_UNUSED_FUNCTION = YES;
				GCC_WARN_UNUSED_VARIABLE = YES;
				IPHONEOS_DEPLOYMENT_TARGET = 14.0;
				MTL_ENABLE_DEBUG_INFO = INCLUDE_SOURCE;
				MTL_FAST_MATH = YES;
				ONLY_ACTIVE_ARCH = YES;
				SDKROOT = iphoneos;
				SWIFT_ACTIVE_COMPILATION_CONDITIONS = DEBUG;
				SWIFT_OPTIMIZATION_LEVEL = "-Onone";
			};
			name = Debug;
		};
		13353AFB25D2DD1F001A6B64 /* Release */ = {
			isa = XCBuildConfiguration;
			buildSettings = {
				ALWAYS_SEARCH_USER_PATHS = NO;
				CLANG_ANALYZER_NONNULL = YES;
				CLANG_ANALYZER_NUMBER_OBJECT_CONVERSION = YES_AGGRESSIVE;
				CLANG_CXX_LANGUAGE_STANDARD = "gnu++14";
				CLANG_CXX_LIBRARY = "libc++";
				CLANG_ENABLE_MODULES = YES;
				CLANG_ENABLE_OBJC_ARC = YES;
				CLANG_ENABLE_OBJC_WEAK = YES;
				CLANG_WARN_BLOCK_CAPTURE_AUTORELEASING = YES;
				CLANG_WARN_BOOL_CONVERSION = YES;
				CLANG_WARN_COMMA = YES;
				CLANG_WARN_CONSTANT_CONVERSION = YES;
				CLANG_WARN_DEPRECATED_OBJC_IMPLEMENTATIONS = YES;
				CLANG_WARN_DIRECT_OBJC_ISA_USAGE = YES_ERROR;
				CLANG_WARN_DOCUMENTATION_COMMENTS = YES;
				CLANG_WARN_EMPTY_BODY = YES;
				CLANG_WARN_ENUM_CONVERSION = YES;
				CLANG_WARN_INFINITE_RECURSION = YES;
				CLANG_WARN_INT_CONVERSION = YES;
				CLANG_WARN_NON_LITERAL_NULL_CONVERSION = YES;
				CLANG_WARN_OBJC_IMPLICIT_RETAIN_SELF = YES;
				CLANG_WARN_OBJC_LITERAL_CONVERSION = YES;
				CLANG_WARN_OBJC_ROOT_CLASS = YES_ERROR;
				CLANG_WARN_QUOTED_INCLUDE_IN_FRAMEWORK_HEADER = YES;
				CLANG_WARN_RANGE_LOOP_ANALYSIS = YES;
				CLANG_WARN_STRICT_PROTOTYPES = YES;
				CLANG_WARN_SUSPICIOUS_MOVE = YES;
				CLANG_WARN_UNGUARDED_AVAILABILITY = YES_AGGRESSIVE;
				CLANG_WARN_UNREACHABLE_CODE = YES;
				CLANG_WARN__DUPLICATE_METHOD_MATCH = YES;
				COPY_PHASE_STRIP = NO;
				DEBUG_INFORMATION_FORMAT = "dwarf-with-dsym";
				ENABLE_NS_ASSERTIONS = NO;
				ENABLE_STRICT_OBJC_MSGSEND = YES;
				GCC_C_LANGUAGE_STANDARD = gnu11;
				GCC_NO_COMMON_BLOCKS = YES;
				GCC_WARN_64_TO_32_BIT_CONVERSION = YES;
				GCC_WARN_ABOUT_RETURN_TYPE = YES_ERROR;
				GCC_WARN_UNDECLARED_SELECTOR = YES;
				GCC_WARN_UNINITIALIZED_AUTOS = YES_AGGRESSIVE;
				GCC_WARN_UNUSED_FUNCTION = YES;
				GCC_WARN_UNUSED_VARIABLE = YES;
				IPHONEOS_DEPLOYMENT_TARGET = 14.0;
				MTL_ENABLE_DEBUG_INFO = NO;
				MTL_FAST_MATH = YES;
				SDKROOT = iphoneos;
				SWIFT_COMPILATION_MODE = wholemodule;
				SWIFT_OPTIMIZATION_LEVEL = "-O";
				VALIDATE_PRODUCT = YES;
			};
			name = Release;
		};
		13353AFD25D2DD1F001A6B64 /* Debug */ = {
			isa = XCBuildConfiguration;
			buildSettings = {
				ASSETCATALOG_COMPILER_APPICON_NAME = AppIcon;
				ASSETCATALOG_COMPILER_GLOBAL_ACCENT_COLOR_NAME = AccentColor;
				CODE_SIGN_STYLE = Automatic;
				INFOPLIST_FILE = FlickrImageDemoApp/Info.plist;
				IPHONEOS_DEPLOYMENT_TARGET = 14.0;
				LD_RUNPATH_SEARCH_PATHS = (
					"$(inherited)",
					"@executable_path/Frameworks",
				);
				PRODUCT_BUNDLE_IDENTIFIER = com.example.FlickrImageDemoApp;
				PRODUCT_NAME = "$(TARGET_NAME)";
				SWIFT_VERSION = 5.0;
				TARGETED_DEVICE_FAMILY = "1,2";
			};
			name = Debug;
		};
		13353AFE25D2DD1F001A6B64 /* Release */ = {
			isa = XCBuildConfiguration;
			buildSettings = {
				ASSETCATALOG_COMPILER_APPICON_NAME = AppIcon;
				ASSETCATALOG_COMPILER_GLOBAL_ACCENT_COLOR_NAME = AccentColor;
				CODE_SIGN_STYLE = Automatic;
				INFOPLIST_FILE = FlickrImageDemoApp/Info.plist;
				IPHONEOS_DEPLOYMENT_TARGET = 14.0;
				LD_RUNPATH_SEARCH_PATHS = (
					"$(inherited)",
					"@executable_path/Frameworks",
				);
				PRODUCT_BUNDLE_IDENTIFIER = com.example.FlickrImageDemoApp;
				PRODUCT_NAME = "$(TARGET_NAME)";
				SWIFT_VERSION = 5.0;
				TARGETED_DEVICE_FAMILY = "1,2";
			};
			name = Release;
		};
		13353B0025D2DD1F001A6B64 /* Debug */ = {
			isa = XCBuildConfiguration;
			buildSettings = {
				ALWAYS_EMBED_SWIFT_STANDARD_LIBRARIES = YES;
				BUNDLE_LOADER = "$(TEST_HOST)";
				CODE_SIGN_STYLE = Automatic;
				INFOPLIST_FILE = FlickrImageDemoAppTests/Info.plist;
				IPHONEOS_DEPLOYMENT_TARGET = 14.0;
				LD_RUNPATH_SEARCH_PATHS = (
					"$(inherited)",
					"@executable_path/Frameworks",
					"@loader_path/Frameworks",
				);
				PRODUCT_BUNDLE_IDENTIFIER = com.example.FlickrImageDemoAppTests;
				PRODUCT_NAME = "$(TARGET_NAME)";
				SWIFT_VERSION = 5.0;
				TARGETED_DEVICE_FAMILY = "1,2";
				TEST_HOST = "$(BUILT_PRODUCTS_DIR)/FlickrImageDemoApp.app/FlickrImageDemoApp";
			};
			name = Debug;
		};
		13353B0125D2DD1F001A6B64 /* Release */ = {
			isa = XCBuildConfiguration;
			buildSettings = {
				ALWAYS_EMBED_SWIFT_STANDARD_LIBRARIES = YES;
				BUNDLE_LOADER = "$(TEST_HOST)";
				CODE_SIGN_STYLE = Automatic;
				INFOPLIST_FILE = FlickrImageDemoAppTests/Info.plist;
				IPHONEOS_DEPLOYMENT_TARGET = 14.0;
				LD_RUNPATH_SEARCH_PATHS = (
					"$(inherited)",
					"@executable_path/Frameworks",
					"@loader_path/Frameworks",
				);
				PRODUCT_BUNDLE_IDENTIFIER = com.example.FlickrImageDemoAppTests;
				PRODUCT_NAME = "$(TARGET_NAME)";
				SWIFT_VERSION = 5.0;
				TARGETED_DEVICE_FAMILY = "1,2";
				TEST_HOST = "$(BUILT_PRODUCTS_DIR)/FlickrImageDemoApp.app/FlickrImageDemoApp";
			};
			name = Release;
		};
		13353B0325D2DD1F001A6B64 /* Debug */ = {
			isa = XCBuildConfiguration;
			buildSettings = {
				ALWAYS_EMBED_SWIFT_STANDARD_LIBRARIES = YES;
				CODE_SIGN_STYLE = Automatic;
				INFOPLIST_FILE = FlickrImageDemoAppUITests/Info.plist;
				LD_RUNPATH_SEARCH_PATHS = (
					"$(inherited)",
					"@executable_path/Frameworks",
					"@loader_path/Frameworks",
				);
				PRODUCT_BUNDLE_IDENTIFIER = com.example.FlickrImageDemoAppUITests;
				PRODUCT_NAME = "$(TARGET_NAME)";
				SWIFT_VERSION = 5.0;
				TARGETED_DEVICE_FAMILY = "1,2";
				TEST_TARGET_NAME = FlickrImageDemoApp;
			};
			name = Debug;
		};
		13353B0425D2DD1F001A6B64 /* Release */ = {
			isa = XCBuildConfiguration;
			buildSettings = {
				ALWAYS_EMBED_SWIFT_STANDARD_LIBRARIES = YES;
				CODE_SIGN_STYLE = Automatic;
				INFOPLIST_FILE = FlickrImageDemoAppUITests/Info.plist;
				LD_RUNPATH_SEARCH_PATHS = (
					"$(inherited)",
					"@executable_path/Frameworks",
					"@loader_path/Frameworks",
				);
				PRODUCT_BUNDLE_IDENTIFIER = com.example.FlickrImageDemoAppUITests;
				PRODUCT_NAME = "$(TARGET_NAME)";
				SWIFT_VERSION = 5.0;
				TARGETED_DEVICE_FAMILY = "1,2";
				TEST_TARGET_NAME = FlickrImageDemoApp;
			};
			name = Release;
		};
/* End XCBuildConfiguration section */

/* Begin XCConfigurationList section */
		13353ACD25D2DD1D001A6B64 /* Build configuration list for PBXProject "FlickrImageDemoApp" */ = {
			isa = XCConfigurationList;
			buildConfigurations = (
				13353AFA25D2DD1F001A6B64 /* Debug */,
				13353AFB25D2DD1F001A6B64 /* Release */,
			);
			defaultConfigurationIsVisible = 0;
			defaultConfigurationName = Release;
		};
		13353AFC25D2DD1F001A6B64 /* Build configuration list for PBXNativeTarget "FlickrImageDemoApp" */ = {
			isa = XCConfigurationList;
			buildConfigurations = (
				13353AFD25D2DD1F001A6B64 /* Debug */,
				13353AFE25D2DD1F001A6B64 /* Release */,
			);
			defaultConfigurationIsVisible = 0;
			defaultConfigurationName = Release;
		};
		13353AFF25D2DD1F001A6B64 /* Build configuration list for PBXNativeTarget "FlickrImageDemoAppTests" */ = {
			isa = XCConfigurationList;
			buildConfigurations = (
				13353B0025D2DD1F001A6B64 /* Debug */,
				13353B0125D2DD1F001A6B64 /* Release */,
			);
			defaultConfigurationIsVisible = 0;
			defaultConfigurationName = Release;
		};
		13353B0225D2DD1F001A6B64 /* Build configuration list for PBXNativeTarget "FlickrImageDemoAppUITests" */ = {
			isa = XCConfigurationList;
			buildConfigurations = (
				13353B0325D2DD1F001A6B64 /* Debug */,
				13353B0425D2DD1F001A6B64 /* Release */,
			);
			defaultConfigurationIsVisible = 0;
			defaultConfigurationName = Release;
		};
/* End XCConfigurationList section */

/* Begin XCRemoteSwiftPackageReference section */
		88A7524F25D5014500A814A3 /* XCRemoteSwiftPackageReference "SDWebImage" */ = {
			isa = XCRemoteSwiftPackageReference;
			repositoryURL = "https://github.com/SDWebImage/SDWebImage.git";
			requirement = {
				kind = upToNextMajorVersion;
				minimumVersion = 5.10.4;
			};
		};
		88F1F9F125D3B00A00628C48 /* XCRemoteSwiftPackageReference "Alamofire" */ = {
			isa = XCRemoteSwiftPackageReference;
			repositoryURL = "https://github.com/Alamofire/Alamofire.git";
			requirement = {
				kind = upToNextMajorVersion;
				minimumVersion = 5.4.1;
			};
		};
/* End XCRemoteSwiftPackageReference section */

/* Begin XCSwiftPackageProductDependency section */
		88A7525025D5014500A814A3 /* SDWebImage */ = {
			isa = XCSwiftPackageProductDependency;
			package = 88A7524F25D5014500A814A3 /* XCRemoteSwiftPackageReference "SDWebImage" */;
			productName = SDWebImage;
		};
		88F1F9F225D3B00A00628C48 /* Alamofire */ = {
			isa = XCSwiftPackageProductDependency;
			package = 88F1F9F125D3B00A00628C48 /* XCRemoteSwiftPackageReference "Alamofire" */;
			productName = Alamofire;
		};
/* End XCSwiftPackageProductDependency section */
	};
	rootObject = 13353ACA25D2DD1D001A6B64 /* Project object */;
}
